// !$*UTF8*$!
{
	archiveVersion = 1;
	classes = {
	};
	objectVersion = 56;
	objects = {

/* Begin PBXBuildFile section */
		046DC6D52A176A9C004AE858 /* MovieHub2App.swift in Sources */ = {isa = PBXBuildFile; fileRef = 046DC6D42A176A9C004AE858 /* MovieHub2App.swift */; };
		046DC6D72A176A9C004AE858 /* ContentView.swift in Sources */ = {isa = PBXBuildFile; fileRef = 046DC6D62A176A9C004AE858 /* ContentView.swift */; };
		046DC6D92A176A9E004AE858 /* Assets.xcassets in Resources */ = {isa = PBXBuildFile; fileRef = 046DC6D82A176A9E004AE858 /* Assets.xcassets */; };
		046DC6DC2A176A9E004AE858 /* Preview Assets.xcassets in Resources */ = {isa = PBXBuildFile; fileRef = 046DC6DB2A176A9E004AE858 /* Preview Assets.xcassets */; };
		046DC6DE2A176A9E004AE858 /* Persistence.swift in Sources */ = {isa = PBXBuildFile; fileRef = 046DC6DD2A176A9E004AE858 /* Persistence.swift */; };
		046DC6E12A176A9E004AE858 /* MovieHub2.xcdatamodeld in Sources */ = {isa = PBXBuildFile; fileRef = 046DC6DF2A176A9E004AE858 /* MovieHub2.xcdatamodeld */; };
		046DC6EC2A177381004AE858 /* MovieList.swift in Sources */ = {isa = PBXBuildFile; fileRef = 046DC6EB2A177381004AE858 /* MovieList.swift */; };
		046DC6EE2A178332004AE858 /* MovieCard.swift in Sources */ = {isa = PBXBuildFile; fileRef = 046DC6ED2A178332004AE858 /* MovieCard.swift */; };
		04CCFD552A1C458B00C0B963 /* CinemaDetail.swift in Sources */ = {isa = PBXBuildFile; fileRef = 04CCFD542A1C458B00C0B963 /* CinemaDetail.swift */; };
		04CCFD572A1C45C700C0B963 /* MapView.swift in Sources */ = {isa = PBXBuildFile; fileRef = 04CCFD562A1C45C700C0B963 /* MapView.swift */; };
		04CCFD5A2A1C465900C0B963 /* OnboardingView1.swift in Sources */ = {isa = PBXBuildFile; fileRef = 04CCFD592A1C465900C0B963 /* OnboardingView1.swift */; };
		04CCFD5C2A1C466900C0B963 /* OnboardingView2.swift in Sources */ = {isa = PBXBuildFile; fileRef = 04CCFD5B2A1C466900C0B963 /* OnboardingView2.swift */; };
		04CCFD5E2A1C467800C0B963 /* OnboardingView3.swift in Sources */ = {isa = PBXBuildFile; fileRef = 04CCFD5D2A1C467800C0B963 /* OnboardingView3.swift */; };
		04CCFD622A1C4A9500C0B963 /* ProfileMenu.swift in Sources */ = {isa = PBXBuildFile; fileRef = 04CCFD612A1C4A9500C0B963 /* ProfileMenu.swift */; };
		04CCFD642A1C4AAE00C0B963 /* ProfileView.swift in Sources */ = {isa = PBXBuildFile; fileRef = 04CCFD632A1C4AAE00C0B963 /* ProfileView.swift */; };
		04CCFD662A1C4ABF00C0B963 /* SchoolController.swift in Sources */ = {isa = PBXBuildFile; fileRef = 04CCFD652A1C4ABF00C0B963 /* SchoolController.swift */; };
		04CCFD682A1C4ACF00C0B963 /* UserController.swift in Sources */ = {isa = PBXBuildFile; fileRef = 04CCFD672A1C4ACF00C0B963 /* UserController.swift */; };
		04CCFD6A2A1C4AE100C0B963 /* WishlistController.swift in Sources */ = {isa = PBXBuildFile; fileRef = 04CCFD692A1C4AE100C0B963 /* WishlistController.swift */; };
		04F3020F2A17AAA0003974B2 /* Movie.swift in Sources */ = {isa = PBXBuildFile; fileRef = 04F3020E2A17AAA0003974B2 /* Movie.swift */; };
		04F302132A17ABC3003974B2 /* ModelData.swift in Sources */ = {isa = PBXBuildFile; fileRef = 04F302122A17ABC3003974B2 /* ModelData.swift */; };
		04F302152A17C760003974B2 /* movieData.json in Resources */ = {isa = PBXBuildFile; fileRef = 04F302142A17C54C003974B2 /* movieData.json */; };
		04F302172A17D3BA003974B2 /* MovieDetail.swift in Sources */ = {isa = PBXBuildFile; fileRef = 04F302162A17D3BA003974B2 /* MovieDetail.swift */; };
/* End PBXBuildFile section */

/* Begin PBXFileReference section */
		046DC6D12A176A9C004AE858 /* MovieHub2.app */ = {isa = PBXFileReference; explicitFileType = wrapper.application; includeInIndex = 0; path = MovieHub2.app; sourceTree = BUILT_PRODUCTS_DIR; };
		046DC6D42A176A9C004AE858 /* MovieHub2App.swift */ = {isa = PBXFileReference; lastKnownFileType = sourcecode.swift; path = MovieHub2App.swift; sourceTree = "<group>"; };
		046DC6D62A176A9C004AE858 /* ContentView.swift */ = {isa = PBXFileReference; lastKnownFileType = sourcecode.swift; path = ContentView.swift; sourceTree = "<group>"; };
		046DC6D82A176A9E004AE858 /* Assets.xcassets */ = {isa = PBXFileReference; lastKnownFileType = folder.assetcatalog; path = Assets.xcassets; sourceTree = "<group>"; };
		046DC6DB2A176A9E004AE858 /* Preview Assets.xcassets */ = {isa = PBXFileReference; lastKnownFileType = folder.assetcatalog; path = "Preview Assets.xcassets"; sourceTree = "<group>"; };
		046DC6DD2A176A9E004AE858 /* Persistence.swift */ = {isa = PBXFileReference; lastKnownFileType = sourcecode.swift; path = Persistence.swift; sourceTree = "<group>"; };
		046DC6E02A176A9E004AE858 /* MovieHub2.xcdatamodel */ = {isa = PBXFileReference; lastKnownFileType = wrapper.xcdatamodel; path = MovieHub2.xcdatamodel; sourceTree = "<group>"; };
		046DC6EB2A177381004AE858 /* MovieList.swift */ = {isa = PBXFileReference; lastKnownFileType = sourcecode.swift; path = MovieList.swift; sourceTree = "<group>"; };
		046DC6ED2A178332004AE858 /* MovieCard.swift */ = {isa = PBXFileReference; lastKnownFileType = sourcecode.swift; path = MovieCard.swift; sourceTree = "<group>"; };
		04CCFD542A1C458B00C0B963 /* CinemaDetail.swift */ = {isa = PBXFileReference; lastKnownFileType = sourcecode.swift; path = CinemaDetail.swift; sourceTree = "<group>"; };
		04CCFD562A1C45C700C0B963 /* MapView.swift */ = {isa = PBXFileReference; lastKnownFileType = sourcecode.swift; path = MapView.swift; sourceTree = "<group>"; };
		04CCFD592A1C465900C0B963 /* OnboardingView1.swift */ = {isa = PBXFileReference; lastKnownFileType = sourcecode.swift; path = OnboardingView1.swift; sourceTree = "<group>"; };
		04CCFD5B2A1C466900C0B963 /* OnboardingView2.swift */ = {isa = PBXFileReference; lastKnownFileType = sourcecode.swift; path = OnboardingView2.swift; sourceTree = "<group>"; };
		04CCFD5D2A1C467800C0B963 /* OnboardingView3.swift */ = {isa = PBXFileReference; lastKnownFileType = sourcecode.swift; path = OnboardingView3.swift; sourceTree = "<group>"; };
		04CCFD612A1C4A9500C0B963 /* ProfileMenu.swift */ = {isa = PBXFileReference; lastKnownFileType = sourcecode.swift; path = ProfileMenu.swift; sourceTree = "<group>"; };
		04CCFD632A1C4AAE00C0B963 /* ProfileView.swift */ = {isa = PBXFileReference; lastKnownFileType = sourcecode.swift; path = ProfileView.swift; sourceTree = "<group>"; };
		04CCFD652A1C4ABF00C0B963 /* SchoolController.swift */ = {isa = PBXFileReference; lastKnownFileType = sourcecode.swift; path = SchoolController.swift; sourceTree = "<group>"; };
		04CCFD672A1C4ACF00C0B963 /* UserController.swift */ = {isa = PBXFileReference; lastKnownFileType = sourcecode.swift; path = UserController.swift; sourceTree = "<group>"; };
		04CCFD692A1C4AE100C0B963 /* WishlistController.swift */ = {isa = PBXFileReference; lastKnownFileType = sourcecode.swift; path = WishlistController.swift; sourceTree = "<group>"; };
		04F3020E2A17AAA0003974B2 /* Movie.swift */ = {isa = PBXFileReference; lastKnownFileType = sourcecode.swift; path = Movie.swift; sourceTree = "<group>"; };
		04F302122A17ABC3003974B2 /* ModelData.swift */ = {isa = PBXFileReference; lastKnownFileType = sourcecode.swift; path = ModelData.swift; sourceTree = "<group>"; };
		04F302142A17C54C003974B2 /* movieData.json */ = {isa = PBXFileReference; lastKnownFileType = text.json; path = movieData.json; sourceTree = "<group>"; };
		04F302162A17D3BA003974B2 /* MovieDetail.swift */ = {isa = PBXFileReference; lastKnownFileType = sourcecode.swift; path = MovieDetail.swift; sourceTree = "<group>"; };
/* End PBXFileReference section */

/* Begin PBXFrameworksBuildPhase section */
		046DC6CE2A176A9C004AE858 /* Frameworks */ = {
			isa = PBXFrameworksBuildPhase;
			buildActionMask = 2147483647;
			files = (
			);
			runOnlyForDeploymentPostprocessing = 0;
		};
/* End PBXFrameworksBuildPhase section */

/* Begin PBXGroup section */
		046DC6C82A176A9C004AE858 = {
			isa = PBXGroup;
			children = (
				046DC6D32A176A9C004AE858 /* MovieHub2 */,
				046DC6D22A176A9C004AE858 /* Products */,
			);
			sourceTree = "<group>";
		};
		046DC6D22A176A9C004AE858 /* Products */ = {
			isa = PBXGroup;
			children = (
				046DC6D12A176A9C004AE858 /* MovieHub2.app */,
			);
			name = Products;
			sourceTree = "<group>";
		};
		046DC6D32A176A9C004AE858 /* MovieHub2 */ = {
			isa = PBXGroup;
			children = (
				04F302102A17AB85003974B2 /* Resources */,
				04F3020D2A17AA89003974B2 /* Model */,
				046DC6E72A176ADA004AE858 /* Views */,
				046DC6D42A176A9C004AE858 /* MovieHub2App.swift */,
				046DC6D82A176A9E004AE858 /* Assets.xcassets */,
				046DC6DD2A176A9E004AE858 /* Persistence.swift */,
				046DC6DF2A176A9E004AE858 /* MovieHub2.xcdatamodeld */,
				046DC6DA2A176A9E004AE858 /* Preview Content */,
			);
			path = MovieHub2;
			sourceTree = "<group>";
		};
		046DC6DA2A176A9E004AE858 /* Preview Content */ = {
			isa = PBXGroup;
			children = (
				046DC6DB2A176A9E004AE858 /* Preview Assets.xcassets */,
			);
			path = "Preview Content";
			sourceTree = "<group>";
		};
		046DC6E72A176ADA004AE858 /* Views */ = {
			isa = PBXGroup;
			children = (
				04CCFD582A1C461000C0B963 /* Onboarding */,
				046DC6EA2A176B13004AE858 /* Profile */,
				046DC6E92A176B0B004AE858 /* Cinema */,
				046DC6E82A176B00004AE858 /* Movie */,
				046DC6D62A176A9C004AE858 /* ContentView.swift */,
			);
			path = Views;
			sourceTree = "<group>";
		};
		046DC6E82A176B00004AE858 /* Movie */ = {
			isa = PBXGroup;
			children = (
				046DC6EB2A177381004AE858 /* MovieList.swift */,
				046DC6ED2A178332004AE858 /* MovieCard.swift */,
				04F302162A17D3BA003974B2 /* MovieDetail.swift */,
			);
			path = Movie;
			sourceTree = "<group>";
		};
		046DC6E92A176B0B004AE858 /* Cinema */ = {
			isa = PBXGroup;
			children = (
				04CCFD542A1C458B00C0B963 /* CinemaDetail.swift */,
				04CCFD562A1C45C700C0B963 /* MapView.swift */,
			);
			path = Cinema;
			sourceTree = "<group>";
		};
		046DC6EA2A176B13004AE858 /* Profile */ = {
			isa = PBXGroup;
			children = (
				04CCFD612A1C4A9500C0B963 /* ProfileMenu.swift */,
				04CCFD632A1C4AAE00C0B963 /* ProfileView.swift */,
				04CCFD652A1C4ABF00C0B963 /* SchoolController.swift */,
				04CCFD672A1C4ACF00C0B963 /* UserController.swift */,
				04CCFD692A1C4AE100C0B963 /* WishlistController.swift */,
			);
			path = Profile;
			sourceTree = "<group>";
		};
		04CCFD582A1C461000C0B963 /* Onboarding */ = {
			isa = PBXGroup;
			children = (
				04CCFD592A1C465900C0B963 /* OnboardingView1.swift */,
				04CCFD5B2A1C466900C0B963 /* OnboardingView2.swift */,
				04CCFD5D2A1C467800C0B963 /* OnboardingView3.swift */,
			);
			path = Onboarding;
			sourceTree = "<group>";
		};
		04F3020D2A17AA89003974B2 /* Model */ = {
			isa = PBXGroup;
			children = (
				04F3020E2A17AAA0003974B2 /* Movie.swift */,
				04F302122A17ABC3003974B2 /* ModelData.swift */,
			);
			path = Model;
			sourceTree = "<group>";
		};
		04F302102A17AB85003974B2 /* Resources */ = {
			isa = PBXGroup;
			children = (
				04F302142A17C54C003974B2 /* movieData.json */,
<<<<<<< HEAD
<<<<<<< HEAD
=======
				0400A3172A1DD79A000A6645 /* ShowingmovieData.json */,
>>>>>>> parent of 48e943a (idk test)
=======
				0400A3172A1DD79A000A6645 /* ShowingmovieData.json */,
>>>>>>> parent of 48e943a (idk test)
			);
			path = Resources;
			sourceTree = "<group>";
		};
/* End PBXGroup section */

/* Begin PBXNativeTarget section */
		046DC6D02A176A9C004AE858 /* MovieHub2 */ = {
			isa = PBXNativeTarget;
			buildConfigurationList = 046DC6E42A176A9E004AE858 /* Build configuration list for PBXNativeTarget "MovieHub2" */;
			buildPhases = (
				046DC6CD2A176A9C004AE858 /* Sources */,
				046DC6CE2A176A9C004AE858 /* Frameworks */,
				046DC6CF2A176A9C004AE858 /* Resources */,
			);
			buildRules = (
			);
			dependencies = (
			);
			name = MovieHub2;
			productName = MovieHub2;
			productReference = 046DC6D12A176A9C004AE858 /* MovieHub2.app */;
			productType = "com.apple.product-type.application";
		};
/* End PBXNativeTarget section */

/* Begin PBXProject section */
		046DC6C92A176A9C004AE858 /* Project object */ = {
			isa = PBXProject;
			attributes = {
				BuildIndependentTargetsInParallel = 1;
				LastSwiftUpdateCheck = 1420;
				LastUpgradeCheck = 1420;
				TargetAttributes = {
					046DC6D02A176A9C004AE858 = {
						CreatedOnToolsVersion = 14.2;
					};
				};
			};
			buildConfigurationList = 046DC6CC2A176A9C004AE858 /* Build configuration list for PBXProject "MovieHub2" */;
			compatibilityVersion = "Xcode 14.0";
			developmentRegion = en;
			hasScannedForEncodings = 0;
			knownRegions = (
				en,
				Base,
			);
			mainGroup = 046DC6C82A176A9C004AE858;
			productRefGroup = 046DC6D22A176A9C004AE858 /* Products */;
			projectDirPath = "";
			projectRoot = "";
			targets = (
				046DC6D02A176A9C004AE858 /* MovieHub2 */,
			);
		};
/* End PBXProject section */

/* Begin PBXResourcesBuildPhase section */
		046DC6CF2A176A9C004AE858 /* Resources */ = {
			isa = PBXResourcesBuildPhase;
			buildActionMask = 2147483647;
			files = (
				04F302152A17C760003974B2 /* movieData.json in Resources */,
				046DC6DC2A176A9E004AE858 /* Preview Assets.xcassets in Resources */,
				046DC6D92A176A9E004AE858 /* Assets.xcassets in Resources */,
			);
			runOnlyForDeploymentPostprocessing = 0;
		};
/* End PBXResourcesBuildPhase section */

/* Begin PBXSourcesBuildPhase section */
		046DC6CD2A176A9C004AE858 /* Sources */ = {
			isa = PBXSourcesBuildPhase;
			buildActionMask = 2147483647;
			files = (
				04CCFD682A1C4ACF00C0B963 /* UserController.swift in Sources */,
				04CCFD5C2A1C466900C0B963 /* OnboardingView2.swift in Sources */,
				04CCFD5E2A1C467800C0B963 /* OnboardingView3.swift in Sources */,
				04CCFD622A1C4A9500C0B963 /* ProfileMenu.swift in Sources */,
				04F3020F2A17AAA0003974B2 /* Movie.swift in Sources */,
				046DC6DE2A176A9E004AE858 /* Persistence.swift in Sources */,
				046DC6D72A176A9C004AE858 /* ContentView.swift in Sources */,
				04CCFD572A1C45C700C0B963 /* MapView.swift in Sources */,
				04F302172A17D3BA003974B2 /* MovieDetail.swift in Sources */,
				046DC6EE2A178332004AE858 /* MovieCard.swift in Sources */,
				04CCFD642A1C4AAE00C0B963 /* ProfileView.swift in Sources */,
				04CCFD552A1C458B00C0B963 /* CinemaDetail.swift in Sources */,
				04CCFD5A2A1C465900C0B963 /* OnboardingView1.swift in Sources */,
				04CCFD6A2A1C4AE100C0B963 /* WishlistController.swift in Sources */,
				046DC6D52A176A9C004AE858 /* MovieHub2App.swift in Sources */,
				04F302132A17ABC3003974B2 /* ModelData.swift in Sources */,
				046DC6EC2A177381004AE858 /* MovieList.swift in Sources */,
				046DC6E12A176A9E004AE858 /* MovieHub2.xcdatamodeld in Sources */,
				04CCFD662A1C4ABF00C0B963 /* SchoolController.swift in Sources */,
			);
			runOnlyForDeploymentPostprocessing = 0;
		};
/* End PBXSourcesBuildPhase section */

/* Begin XCBuildConfiguration section */
		046DC6E22A176A9E004AE858 /* Debug */ = {
			isa = XCBuildConfiguration;
			buildSettings = {
				ALWAYS_SEARCH_USER_PATHS = NO;
				CLANG_ANALYZER_NONNULL = YES;
				CLANG_ANALYZER_NUMBER_OBJECT_CONVERSION = YES_AGGRESSIVE;
				CLANG_CXX_LANGUAGE_STANDARD = "gnu++20";
				CLANG_ENABLE_MODULES = YES;
				CLANG_ENABLE_OBJC_ARC = YES;
				CLANG_ENABLE_OBJC_WEAK = YES;
				CLANG_WARN_BLOCK_CAPTURE_AUTORELEASING = YES;
				CLANG_WARN_BOOL_CONVERSION = YES;
				CLANG_WARN_COMMA = YES;
				CLANG_WARN_CONSTANT_CONVERSION = YES;
				CLANG_WARN_DEPRECATED_OBJC_IMPLEMENTATIONS = YES;
				CLANG_WARN_DIRECT_OBJC_ISA_USAGE = YES_ERROR;
				CLANG_WARN_DOCUMENTATION_COMMENTS = YES;
				CLANG_WARN_EMPTY_BODY = YES;
				CLANG_WARN_ENUM_CONVERSION = YES;
				CLANG_WARN_INFINITE_RECURSION = YES;
				CLANG_WARN_INT_CONVERSION = YES;
				CLANG_WARN_NON_LITERAL_NULL_CONVERSION = YES;
				CLANG_WARN_OBJC_IMPLICIT_RETAIN_SELF = YES;
				CLANG_WARN_OBJC_LITERAL_CONVERSION = YES;
				CLANG_WARN_OBJC_ROOT_CLASS = YES_ERROR;
				CLANG_WARN_QUOTED_INCLUDE_IN_FRAMEWORK_HEADER = YES;
				CLANG_WARN_RANGE_LOOP_ANALYSIS = YES;
				CLANG_WARN_STRICT_PROTOTYPES = YES;
				CLANG_WARN_SUSPICIOUS_MOVE = YES;
				CLANG_WARN_UNGUARDED_AVAILABILITY = YES_AGGRESSIVE;
				CLANG_WARN_UNREACHABLE_CODE = YES;
				CLANG_WARN__DUPLICATE_METHOD_MATCH = YES;
				COPY_PHASE_STRIP = NO;
				DEBUG_INFORMATION_FORMAT = dwarf;
				ENABLE_STRICT_OBJC_MSGSEND = YES;
				ENABLE_TESTABILITY = YES;
				GCC_C_LANGUAGE_STANDARD = gnu11;
				GCC_DYNAMIC_NO_PIC = NO;
				GCC_NO_COMMON_BLOCKS = YES;
				GCC_OPTIMIZATION_LEVEL = 0;
				GCC_PREPROCESSOR_DEFINITIONS = (
					"DEBUG=1",
					"$(inherited)",
				);
				GCC_WARN_64_TO_32_BIT_CONVERSION = YES;
				GCC_WARN_ABOUT_RETURN_TYPE = YES_ERROR;
				GCC_WARN_UNDECLARED_SELECTOR = YES;
				GCC_WARN_UNINITIALIZED_AUTOS = YES_AGGRESSIVE;
				GCC_WARN_UNUSED_FUNCTION = YES;
				GCC_WARN_UNUSED_VARIABLE = YES;
				IPHONEOS_DEPLOYMENT_TARGET = 16.2;
				MTL_ENABLE_DEBUG_INFO = INCLUDE_SOURCE;
				MTL_FAST_MATH = YES;
				ONLY_ACTIVE_ARCH = YES;
				SDKROOT = iphoneos;
				SWIFT_ACTIVE_COMPILATION_CONDITIONS = DEBUG;
				SWIFT_OPTIMIZATION_LEVEL = "-Onone";
			};
			name = Debug;
		};
		046DC6E32A176A9E004AE858 /* Release */ = {
			isa = XCBuildConfiguration;
			buildSettings = {
				ALWAYS_SEARCH_USER_PATHS = NO;
				CLANG_ANALYZER_NONNULL = YES;
				CLANG_ANALYZER_NUMBER_OBJECT_CONVERSION = YES_AGGRESSIVE;
				CLANG_CXX_LANGUAGE_STANDARD = "gnu++20";
				CLANG_ENABLE_MODULES = YES;
				CLANG_ENABLE_OBJC_ARC = YES;
				CLANG_ENABLE_OBJC_WEAK = YES;
				CLANG_WARN_BLOCK_CAPTURE_AUTORELEASING = YES;
				CLANG_WARN_BOOL_CONVERSION = YES;
				CLANG_WARN_COMMA = YES;
				CLANG_WARN_CONSTANT_CONVERSION = YES;
				CLANG_WARN_DEPRECATED_OBJC_IMPLEMENTATIONS = YES;
				CLANG_WARN_DIRECT_OBJC_ISA_USAGE = YES_ERROR;
				CLANG_WARN_DOCUMENTATION_COMMENTS = YES;
				CLANG_WARN_EMPTY_BODY = YES;
				CLANG_WARN_ENUM_CONVERSION = YES;
				CLANG_WARN_INFINITE_RECURSION = YES;
				CLANG_WARN_INT_CONVERSION = YES;
				CLANG_WARN_NON_LITERAL_NULL_CONVERSION = YES;
				CLANG_WARN_OBJC_IMPLICIT_RETAIN_SELF = YES;
				CLANG_WARN_OBJC_LITERAL_CONVERSION = YES;
				CLANG_WARN_OBJC_ROOT_CLASS = YES_ERROR;
				CLANG_WARN_QUOTED_INCLUDE_IN_FRAMEWORK_HEADER = YES;
				CLANG_WARN_RANGE_LOOP_ANALYSIS = YES;
				CLANG_WARN_STRICT_PROTOTYPES = YES;
				CLANG_WARN_SUSPICIOUS_MOVE = YES;
				CLANG_WARN_UNGUARDED_AVAILABILITY = YES_AGGRESSIVE;
				CLANG_WARN_UNREACHABLE_CODE = YES;
				CLANG_WARN__DUPLICATE_METHOD_MATCH = YES;
				COPY_PHASE_STRIP = NO;
				DEBUG_INFORMATION_FORMAT = "dwarf-with-dsym";
				ENABLE_NS_ASSERTIONS = NO;
				ENABLE_STRICT_OBJC_MSGSEND = YES;
				GCC_C_LANGUAGE_STANDARD = gnu11;
				GCC_NO_COMMON_BLOCKS = YES;
				GCC_WARN_64_TO_32_BIT_CONVERSION = YES;
				GCC_WARN_ABOUT_RETURN_TYPE = YES_ERROR;
				GCC_WARN_UNDECLARED_SELECTOR = YES;
				GCC_WARN_UNINITIALIZED_AUTOS = YES_AGGRESSIVE;
				GCC_WARN_UNUSED_FUNCTION = YES;
				GCC_WARN_UNUSED_VARIABLE = YES;
				IPHONEOS_DEPLOYMENT_TARGET = 16.2;
				MTL_ENABLE_DEBUG_INFO = NO;
				MTL_FAST_MATH = YES;
				SDKROOT = iphoneos;
				SWIFT_COMPILATION_MODE = wholemodule;
				SWIFT_OPTIMIZATION_LEVEL = "-O";
				VALIDATE_PRODUCT = YES;
			};
			name = Release;
		};
		046DC6E52A176A9E004AE858 /* Debug */ = {
			isa = XCBuildConfiguration;
			buildSettings = {
				ASSETCATALOG_COMPILER_APPICON_NAME = AppIcon;
				ASSETCATALOG_COMPILER_GLOBAL_ACCENT_COLOR_NAME = AccentColor;
				CODE_SIGN_STYLE = Automatic;
				CURRENT_PROJECT_VERSION = 1;
				DEVELOPMENT_ASSET_PATHS = "\"MovieHub2/Preview Content\"";
				DEVELOPMENT_TEAM = 592BA54XZ3;
				ENABLE_PREVIEWS = YES;
				GENERATE_INFOPLIST_FILE = YES;
				INFOPLIST_KEY_UIApplicationSceneManifest_Generation = YES;
				INFOPLIST_KEY_UIApplicationSupportsIndirectInputEvents = YES;
				INFOPLIST_KEY_UILaunchScreen_Generation = YES;
				INFOPLIST_KEY_UISupportedInterfaceOrientations_iPad = "UIInterfaceOrientationPortrait UIInterfaceOrientationPortraitUpsideDown UIInterfaceOrientationLandscapeLeft UIInterfaceOrientationLandscapeRight";
				INFOPLIST_KEY_UISupportedInterfaceOrientations_iPhone = "UIInterfaceOrientationPortrait UIInterfaceOrientationLandscapeLeft UIInterfaceOrientationLandscapeRight";
				LD_RUNPATH_SEARCH_PATHS = (
					"$(inherited)",
					"@executable_path/Frameworks",
				);
				MARKETING_VERSION = 1.0;
				PRODUCT_BUNDLE_IDENTIFIER = nicholas.MovieHub2;
				PRODUCT_NAME = "$(TARGET_NAME)";
				SWIFT_EMIT_LOC_STRINGS = YES;
				SWIFT_VERSION = 5.0;
				TARGETED_DEVICE_FAMILY = "1,2";
			};
			name = Debug;
		};
		046DC6E62A176A9E004AE858 /* Release */ = {
			isa = XCBuildConfiguration;
			buildSettings = {
				ASSETCATALOG_COMPILER_APPICON_NAME = AppIcon;
				ASSETCATALOG_COMPILER_GLOBAL_ACCENT_COLOR_NAME = AccentColor;
				CODE_SIGN_STYLE = Automatic;
				CURRENT_PROJECT_VERSION = 1;
				DEVELOPMENT_ASSET_PATHS = "\"MovieHub2/Preview Content\"";
				DEVELOPMENT_TEAM = 592BA54XZ3;
				ENABLE_PREVIEWS = YES;
				GENERATE_INFOPLIST_FILE = YES;
				INFOPLIST_KEY_UIApplicationSceneManifest_Generation = YES;
				INFOPLIST_KEY_UIApplicationSupportsIndirectInputEvents = YES;
				INFOPLIST_KEY_UILaunchScreen_Generation = YES;
				INFOPLIST_KEY_UISupportedInterfaceOrientations_iPad = "UIInterfaceOrientationPortrait UIInterfaceOrientationPortraitUpsideDown UIInterfaceOrientationLandscapeLeft UIInterfaceOrientationLandscapeRight";
				INFOPLIST_KEY_UISupportedInterfaceOrientations_iPhone = "UIInterfaceOrientationPortrait UIInterfaceOrientationLandscapeLeft UIInterfaceOrientationLandscapeRight";
				LD_RUNPATH_SEARCH_PATHS = (
					"$(inherited)",
					"@executable_path/Frameworks",
				);
				MARKETING_VERSION = 1.0;
				PRODUCT_BUNDLE_IDENTIFIER = nicholas.MovieHub2;
				PRODUCT_NAME = "$(TARGET_NAME)";
				SWIFT_EMIT_LOC_STRINGS = YES;
				SWIFT_VERSION = 5.0;
				TARGETED_DEVICE_FAMILY = "1,2";
			};
			name = Release;
		};
/* End XCBuildConfiguration section */

/* Begin XCConfigurationList section */
		046DC6CC2A176A9C004AE858 /* Build configuration list for PBXProject "MovieHub2" */ = {
			isa = XCConfigurationList;
			buildConfigurations = (
				046DC6E22A176A9E004AE858 /* Debug */,
				046DC6E32A176A9E004AE858 /* Release */,
			);
			defaultConfigurationIsVisible = 0;
			defaultConfigurationName = Release;
		};
		046DC6E42A176A9E004AE858 /* Build configuration list for PBXNativeTarget "MovieHub2" */ = {
			isa = XCConfigurationList;
			buildConfigurations = (
				046DC6E52A176A9E004AE858 /* Debug */,
				046DC6E62A176A9E004AE858 /* Release */,
			);
			defaultConfigurationIsVisible = 0;
			defaultConfigurationName = Release;
		};
/* End XCConfigurationList section */

/* Begin XCVersionGroup section */
		046DC6DF2A176A9E004AE858 /* MovieHub2.xcdatamodeld */ = {
			isa = XCVersionGroup;
			children = (
				046DC6E02A176A9E004AE858 /* MovieHub2.xcdatamodel */,
			);
			currentVersion = 046DC6E02A176A9E004AE858 /* MovieHub2.xcdatamodel */;
			path = MovieHub2.xcdatamodeld;
			sourceTree = "<group>";
			versionGroupType = wrapper.xcdatamodel;
		};
/* End XCVersionGroup section */
	};
	rootObject = 046DC6C92A176A9C004AE858 /* Project object */;
}
